
Microsoft Visual Studio Solution File, Format Version 12.00
# Visual Studio for Mac
Project("{FAE04EC0-301F-11D3-BF4B-00C04F79EFBC}") = "Assembly-CSharp-firstpass", "Assembly-CSharp-firstpass.csproj", "{D04FAECC-E564-678F-6BF7-320FFB55A18C}"
EndProject
Project("{FAE04EC0-301F-11D3-BF4B-00C04F79EFBC}") = "Assembly-CSharp", "Assembly-CSharp.csproj", "{6CB6BFD7-92FB-7D83-51E9-7A448257D308}"
EndProject
Project("{FAE04EC0-301F-11D3-BF4B-00C04F79EFBC}") = "Assembly-CSharp-Editor-firstpass", "Assembly-CSharp-Editor-firstpass.csproj", "{4270D004-D43C-2CCA-303D-AF2076233436}"
EndProject
Project("{FAE04EC0-301F-11D3-BF4B-00C04F79EFBC}") = "Assembly-CSharp-Editor", "Assembly-CSharp-Editor.csproj", "{5CECB881-2C37-C48A-366D-B8D5CF0BC8E9}"
EndProject
Global
	GlobalSection(SolutionConfigurationPlatforms) = preSolution
		Debug|Any CPU = Debug|Any CPU
		Release|Any CPU = Release|Any CPU
	EndGlobalSection
	GlobalSection(ProjectConfigurationPlatforms) = postSolution
		{D04FAECC-E564-678F-6BF7-320FFB55A18C}.Debug|Any CPU.ActiveCfg = Debug|Any CPU
		{D04FAECC-E564-678F-6BF7-320FFB55A18C}.Debug|Any CPU.Build.0 = Debug|Any CPU
		{D04FAECC-E564-678F-6BF7-320FFB55A18C}.Release|Any CPU.ActiveCfg = Release|Any CPU
		{D04FAECC-E564-678F-6BF7-320FFB55A18C}.Release|Any CPU.Build.0 = Release|Any CPU
		{6CB6BFD7-92FB-7D83-51E9-7A448257D308}.Debug|Any CPU.ActiveCfg = Debug|Any CPU
		{6CB6BFD7-92FB-7D83-51E9-7A448257D308}.Debug|Any CPU.Build.0 = Debug|Any CPU
		{6CB6BFD7-92FB-7D83-51E9-7A448257D308}.Release|Any CPU.ActiveCfg = Release|Any CPU
		{6CB6BFD7-92FB-7D83-51E9-7A448257D308}.Release|Any CPU.Build.0 = Release|Any CPU
		{4270D004-D43C-2CCA-303D-AF2076233436}.Debug|Any CPU.ActiveCfg = Debug|Any CPU
		{4270D004-D43C-2CCA-303D-AF2076233436}.Debug|Any CPU.Build.0 = Debug|Any CPU
		{4270D004-D43C-2CCA-303D-AF2076233436}.Release|Any CPU.ActiveCfg = Release|Any CPU
		{4270D004-D43C-2CCA-303D-AF2076233436}.Release|Any CPU.Build.0 = Release|Any CPU
		{5CECB881-2C37-C48A-366D-B8D5CF0BC8E9}.Debug|Any CPU.ActiveCfg = Debug|Any CPU
		{5CECB881-2C37-C48A-366D-B8D5CF0BC8E9}.Debug|Any CPU.Build.0 = Debug|Any CPU
		{5CECB881-2C37-C48A-366D-B8D5CF0BC8E9}.Release|Any CPU.ActiveCfg = Release|Any CPU
		{5CECB881-2C37-C48A-366D-B8D5CF0BC8E9}.Release|Any CPU.Build.0 = Release|Any CPU
	EndGlobalSection
	GlobalSection(SolutionProperties) = preSolution
		HideSolutionNode = FALSE
	EndGlobalSection
EndGlobal
